
Microsoft Visual Studio Solution File, Format Version 12.00
# Visual Studio 2012
Project("{FAE04EC0-301F-11D3-BF4B-00C04F79EFBC}") = "FruitShop", "FruitShop\FruitShop.csproj", "{4EFD67AA-D490-4911-B8C3-845336C8D6FA}"
EndProject
Global
	GlobalSection(SolutionConfigurationPlatforms) = preSolution
		Debug|Any CPU = Debug|Any CPU
		Release|Any CPU = Release|Any CPU
	EndGlobalSection
	GlobalSection(ProjectConfigurationPlatforms) = postSolution
		{4EFD67AA-D490-4911-B8C3-845336C8D6FA}.Debug|Any CPU.ActiveCfg = Debug|Any CPU
		{4EFD67AA-D490-4911-B8C3-845336C8D6FA}.Debug|Any CPU.Build.0 = Debug|Any CPU
		{4EFD67AA-D490-4911-B8C3-845336C8D6FA}.Release|Any CPU.ActiveCfg = Release|Any CPU
		{4EFD67AA-D490-4911-B8C3-845336C8D6FA}.Release|Any CPU.Build.0 = Release|Any CPU
	EndGlobalSection
EndGlobal
